
Microsoft Visual Studio Solution File, Format Version 12.00
# Visual Studio 15
VisualStudioVersion = 15.0.26124.0
MinimumVisualStudioVersion = 15.0.26124.0
Project("{FAE04EC0-301F-11D3-BF4B-00C04F79EFBC}") = "1", "1\1.csproj", "{D9A87DAE-A64D-4670-A219-BB540C5789D1}"
EndProject
Project("{FAE04EC0-301F-11D3-BF4B-00C04F79EFBC}") = "2", "2\2.csproj", "{2BD241AC-D5AA-49D0-8CD1-615484DE7CA1}"
EndProject
Project("{FAE04EC0-301F-11D3-BF4B-00C04F79EFBC}") = "_3", "_3\_3.csproj", "{3C27C77F-CE71-4530-A6F0-2558E88BA953}"
EndProject
Project("{FAE04EC0-301F-11D3-BF4B-00C04F79EFBC}") = "4", "4\4.csproj", "{6B9088DD-5CE2-43AE-925B-67B4F7E4EF49}"
EndProject
Global
	GlobalSection(SolutionConfigurationPlatforms) = preSolution
		Debug|Any CPU = Debug|Any CPU
		Debug|x64 = Debug|x64
		Debug|x86 = Debug|x86
		Release|Any CPU = Release|Any CPU
		Release|x64 = Release|x64
		Release|x86 = Release|x86
	EndGlobalSection
	GlobalSection(SolutionProperties) = preSolution
		HideSolutionNode = FALSE
	EndGlobalSection
	GlobalSection(ProjectConfigurationPlatforms) = postSolution
		{D9A87DAE-A64D-4670-A219-BB540C5789D1}.Debug|Any CPU.ActiveCfg = Debug|Any CPU
		{D9A87DAE-A64D-4670-A219-BB540C5789D1}.Debug|Any CPU.Build.0 = Debug|Any CPU
		{D9A87DAE-A64D-4670-A219-BB540C5789D1}.Debug|x64.ActiveCfg = Debug|Any CPU
		{D9A87DAE-A64D-4670-A219-BB540C5789D1}.Debug|x64.Build.0 = Debug|Any CPU
		{D9A87DAE-A64D-4670-A219-BB540C5789D1}.Debug|x86.ActiveCfg = Debug|Any CPU
		{D9A87DAE-A64D-4670-A219-BB540C5789D1}.Debug|x86.Build.0 = Debug|Any CPU
		{D9A87DAE-A64D-4670-A219-BB540C5789D1}.Release|Any CPU.ActiveCfg = Release|Any CPU
		{D9A87DAE-A64D-4670-A219-BB540C5789D1}.Release|Any CPU.Build.0 = Release|Any CPU
		{D9A87DAE-A64D-4670-A219-BB540C5789D1}.Release|x64.ActiveCfg = Release|Any CPU
		{D9A87DAE-A64D-4670-A219-BB540C5789D1}.Release|x64.Build.0 = Release|Any CPU
		{D9A87DAE-A64D-4670-A219-BB540C5789D1}.Release|x86.ActiveCfg = Release|Any CPU
		{D9A87DAE-A64D-4670-A219-BB540C5789D1}.Release|x86.Build.0 = Release|Any CPU
		{2BD241AC-D5AA-49D0-8CD1-615484DE7CA1}.Debug|Any CPU.ActiveCfg = Debug|Any CPU
		{2BD241AC-D5AA-49D0-8CD1-615484DE7CA1}.Debug|Any CPU.Build.0 = Debug|Any CPU
		{2BD241AC-D5AA-49D0-8CD1-615484DE7CA1}.Debug|x64.ActiveCfg = Debug|Any CPU
		{2BD241AC-D5AA-49D0-8CD1-615484DE7CA1}.Debug|x64.Build.0 = Debug|Any CPU
		{2BD241AC-D5AA-49D0-8CD1-615484DE7CA1}.Debug|x86.ActiveCfg = Debug|Any CPU
		{2BD241AC-D5AA-49D0-8CD1-615484DE7CA1}.Debug|x86.Build.0 = Debug|Any CPU
		{2BD241AC-D5AA-49D0-8CD1-615484DE7CA1}.Release|Any CPU.ActiveCfg = Release|Any CPU
		{2BD241AC-D5AA-49D0-8CD1-615484DE7CA1}.Release|Any CPU.Build.0 = Release|Any CPU
		{2BD241AC-D5AA-49D0-8CD1-615484DE7CA1}.Release|x64.ActiveCfg = Release|Any CPU
		{2BD241AC-D5AA-49D0-8CD1-615484DE7CA1}.Release|x64.Build.0 = Release|Any CPU
		{2BD241AC-D5AA-49D0-8CD1-615484DE7CA1}.Release|x86.ActiveCfg = Release|Any CPU
		{2BD241AC-D5AA-49D0-8CD1-615484DE7CA1}.Release|x86.Build.0 = Release|Any CPU
		{3C27C77F-CE71-4530-A6F0-2558E88BA953}.Debug|Any CPU.ActiveCfg = Debug|Any CPU
		{3C27C77F-CE71-4530-A6F0-2558E88BA953}.Debug|Any CPU.Build.0 = Debug|Any CPU
		{3C27C77F-CE71-4530-A6F0-2558E88BA953}.Debug|x64.ActiveCfg = Debug|Any CPU
		{3C27C77F-CE71-4530-A6F0-2558E88BA953}.Debug|x64.Build.0 = Debug|Any CPU
		{3C27C77F-CE71-4530-A6F0-2558E88BA953}.Debug|x86.ActiveCfg = Debug|Any CPU
		{3C27C77F-CE71-4530-A6F0-2558E88BA953}.Debug|x86.Build.0 = Debug|Any CPU
		{3C27C77F-CE71-4530-A6F0-2558E88BA953}.Release|Any CPU.ActiveCfg = Release|Any CPU
		{3C27C77F-CE71-4530-A6F0-2558E88BA953}.Release|Any CPU.Build.0 = Release|Any CPU
		{3C27C77F-CE71-4530-A6F0-2558E88BA953}.Release|x64.ActiveCfg = Release|Any CPU
		{3C27C77F-CE71-4530-A6F0-2558E88BA953}.Release|x64.Build.0 = Release|Any CPU
		{3C27C77F-CE71-4530-A6F0-2558E88BA953}.Release|x86.ActiveCfg = Release|Any CPU
		{3C27C77F-CE71-4530-A6F0-2558E88BA953}.Release|x86.Build.0 = Release|Any CPU
		{6B9088DD-5CE2-43AE-925B-67B4F7E4EF49}.Debug|Any CPU.ActiveCfg = Debug|Any CPU
		{6B9088DD-5CE2-43AE-925B-67B4F7E4EF49}.Debug|Any CPU.Build.0 = Debug|Any CPU
		{6B9088DD-5CE2-43AE-925B-67B4F7E4EF49}.Debug|x64.ActiveCfg = Debug|Any CPU
		{6B9088DD-5CE2-43AE-925B-67B4F7E4EF49}.Debug|x64.Build.0 = Debug|Any CPU
		{6B9088DD-5CE2-43AE-925B-67B4F7E4EF49}.Debug|x86.ActiveCfg = Debug|Any CPU
		{6B9088DD-5CE2-43AE-925B-67B4F7E4EF49}.Debug|x86.Build.0 = Debug|Any CPU
		{6B9088DD-5CE2-43AE-925B-67B4F7E4EF49}.Release|Any CPU.ActiveCfg = Release|Any CPU
		{6B9088DD-5CE2-43AE-925B-67B4F7E4EF49}.Release|Any CPU.Build.0 = Release|Any CPU
		{6B9088DD-5CE2-43AE-925B-67B4F7E4EF49}.Release|x64.ActiveCfg = Release|Any CPU
		{6B9088DD-5CE2-43AE-925B-67B4F7E4EF49}.Release|x64.Build.0 = Release|Any CPU
		{6B9088DD-5CE2-43AE-925B-67B4F7E4EF49}.Release|x86.ActiveCfg = Release|Any CPU
		{6B9088DD-5CE2-43AE-925B-67B4F7E4EF49}.Release|x86.Build.0 = Release|Any CPU
	EndGlobalSection
EndGlobal
